
Microsoft Visual Studio Solution File, Format Version 12.00
# Visual Studio Version 16
VisualStudioVersion = 16.0.29519.87
MinimumVisualStudioVersion = 10.0.40219.1
Project("{9A19103F-16F7-4668-BE54-9A1E7A4F7556}") = "DanceSequence", "DanceSequence.csproj", "{D17166BB-6AB5-4BA9-AC43-B5C2C11F3876}"
EndProject
Project("{FAE04EC0-301F-11D3-BF4B-00C04F79EFBC}") = "DanceSequence.Database", "..\DanceSequence.Database\DanceSequence.Database.csproj", "{061748FA-D6EA-4ADC-A146-8A4103D7C088}"
EndProject
Global
	GlobalSection(SolutionConfigurationPlatforms) = preSolution
		Debug|Any CPU = Debug|Any CPU
		Release|Any CPU = Release|Any CPU
	EndGlobalSection
	GlobalSection(ProjectConfigurationPlatforms) = postSolution
		{D17166BB-6AB5-4BA9-AC43-B5C2C11F3876}.Debug|Any CPU.ActiveCfg = Debug|Any CPU
		{D17166BB-6AB5-4BA9-AC43-B5C2C11F3876}.Debug|Any CPU.Build.0 = Debug|Any CPU
		{D17166BB-6AB5-4BA9-AC43-B5C2C11F3876}.Release|Any CPU.ActiveCfg = Release|Any CPU
		{D17166BB-6AB5-4BA9-AC43-B5C2C11F3876}.Release|Any CPU.Build.0 = Release|Any CPU
		{061748FA-D6EA-4ADC-A146-8A4103D7C088}.Debug|Any CPU.ActiveCfg = Debug|Any CPU
		{061748FA-D6EA-4ADC-A146-8A4103D7C088}.Debug|Any CPU.Build.0 = Debug|Any CPU
		{061748FA-D6EA-4ADC-A146-8A4103D7C088}.Release|Any CPU.ActiveCfg = Release|Any CPU
		{061748FA-D6EA-4ADC-A146-8A4103D7C088}.Release|Any CPU.Build.0 = Release|Any CPU
	EndGlobalSection
	GlobalSection(SolutionProperties) = preSolution
		HideSolutionNode = FALSE
	EndGlobalSection
	GlobalSection(ExtensibilityGlobals) = postSolution
		SolutionGuid = {3A7AC891-6E47-434A-946F-89BC3FFC9460}
	EndGlobalSection
EndGlobal
